
Microsoft Visual Studio Solution File, Format Version 11.00
# Visual Studio 2010
Project("{FAE04EC0-301F-11D3-BF4B-00C04F79EFBC}") = "MyMood.Web", "MyMood.Web\MyMood.Web.csproj", "{56EF985F-4379-4605-9FBD-9F81CCB13DAA}"
EndProject
Project("{FAE04EC0-301F-11D3-BF4B-00C04F79EFBC}") = "MyMood.Domain", "MyMood.Domain\MyMood.Domain.csproj", "{2A123F98-B930-41B2-B87A-4199BD1A8C68}"
EndProject
Project("{2150E333-8FDC-42A3-9474-1A3956D46DE8}") = ".nuget", ".nuget", "{3D4BFAA8-5075-45A0-9721-B3A655CAEB14}"
	ProjectSection(SolutionItems) = preProject
		.nuget\NuGet.Config = .nuget\NuGet.Config
		.nuget\NuGet.exe = .nuget\NuGet.exe
		.nuget\NuGet.targets = .nuget\NuGet.targets
	EndProjectSection
EndProject
Project("{FAE04EC0-301F-11D3-BF4B-00C04F79EFBC}") = "MyMood.Infrastructure", "MyMood.Infrastructure\MyMood.Infrastructure.csproj", "{C5195E10-8FAC-4A7A-9510-941C009F919A}"
EndProject
Project("{FAE04EC0-301F-11D3-BF4B-00C04F79EFBC}") = "Discover.Common", "Discover.Lib\Discover.Common\Discover.Common.csproj", "{F6761043-ED1A-498B-B0D8-D8651E851EFB}"
EndProject
Project("{2150E333-8FDC-42A3-9474-1A3956D46DE8}") = "Discover", "Discover", "{DB3D6E53-FAF7-4B69-BAA7-AFC05043E574}"
EndProject
Project("{FAE04EC0-301F-11D3-BF4B-00C04F79EFBC}") = "Discover.Data.EntityFramework4", "Discover.Lib\Discover.Data.EntityFramework4\Discover.Data.EntityFramework4.csproj", "{C7BEE303-AF3B-425C-8F08-4A2B1253E114}"
EndProject
Project("{FAE04EC0-301F-11D3-BF4B-00C04F79EFBC}") = "Discover.Logging.NLog", "Discover.Lib\Discover.Logging.NLog\Discover.Logging.NLog.csproj", "{AA52CEAE-6732-479B-8570-31F1E9AF52D3}"
EndProject
Project("{FAE04EC0-301F-11D3-BF4B-00C04F79EFBC}") = "MyMood.DataSeeder", "MyMood.DataSeeder\MyMood.DataSeeder.csproj", "{8367DB4E-E295-4B80-8E62-7C87BB82D77A}"
EndProject
Project("{FAE04EC0-301F-11D3-BF4B-00C04F79EFBC}") = "Discover.Emailing.MailBee", "Discover.Lib\Discover.Emailing.MailBee\Discover.Emailing.MailBee.csproj", "{8CD5E485-5515-4DCF-99B9-C744E6F99CBB}"
EndProject
Project("{FAE04EC0-301F-11D3-BF4B-00C04F79EFBC}") = "MyMood.Configurator", "MyMood.Configurator\MyMood.Configurator.csproj", "{A2EFC393-45EC-43F9-BDFF-B04F1FD7D242}"
EndProject
Project("{2150E333-8FDC-42A3-9474-1A3956D46DE8}") = "PushSharp", "PushSharp", "{2B2EEF47-FE0F-41E8-9961-543137E7AAE3}"
EndProject
Project("{FAE04EC0-301F-11D3-BF4B-00C04F79EFBC}") = "PushSharp", "PushSharp\PushSharp\PushSharp.csproj", "{09414728-3728-4105-A149-EC2E315355F9}"
EndProject
Project("{FAE04EC0-301F-11D3-BF4B-00C04F79EFBC}") = "PushSharp.Apple", "PushSharp\PushSharp.Apple\PushSharp.Apple.csproj", "{83C67156-893D-4AFF-9169-DB34771989CB}"
EndProject
Project("{FAE04EC0-301F-11D3-BF4B-00C04F79EFBC}") = "PushSharp.Common", "PushSharp\PushSharp.Common\PushSharp.Common.csproj", "{836F225F-6CD9-48DE-910C-70F8A7CF54AA}"
EndProject
Project("{FAE04EC0-301F-11D3-BF4B-00C04F79EFBC}") = "PushSharp.Sample", "PushSharp\PushSharp.Sample\PushSharp.Sample.csproj", "{1B9A3A8B-3690-4435-BF9C-B557BF2713DB}"
EndProject
Project("{FAE04EC0-301F-11D3-BF4B-00C04F79EFBC}") = "PushSharp.Windows", "PushSharp\PushSharp.Windows\PushSharp.Windows.csproj", "{0EC3A31E-B869-4465-ABDC-90C2E3CCC17D}"
EndProject
Project("{FAE04EC0-301F-11D3-BF4B-00C04F79EFBC}") = "MyMood.PushTest", "MyMood.PushTest\MyMood.PushTest.csproj", "{4609C4F9-357A-4CB6-A5FA-9D5F14E9D7D5}"
EndProject
Project("{FAE04EC0-301F-11D3-BF4B-00C04F79EFBC}") = "PushSharp.WindowsPhone", "PushSharp\PushSharp.WindowsPhone\PushSharp.WindowsPhone.csproj", "{9947F510-BA9A-4045-A648-BAB687D8F513}"
EndProject
Project("{FAE04EC0-301F-11D3-BF4B-00C04F79EFBC}") = "PushSharp.Google", "PushSharp\PushSharp.Android\PushSharp.Google.csproj", "{71E27C37-FBBF-481B-934B-1F7DBDE3C5D6}"
EndProject
Project("{FAE04EC0-301F-11D3-BF4B-00C04F79EFBC}") = "PushSharp.Blackberry", "PushSharp\PushSharp.Blackberry\PushSharp.Blackberry.csproj", "{5250980B-BD11-4201-B083-AEDB8C62C471}"
EndProject
Project("{FAE04EC0-301F-11D3-BF4B-00C04F79EFBC}") = "MyMood.LoadTest", "MyMood.LoadTest\MyMood.LoadTest.csproj", "{66E369F9-3026-4588-AF84-792FA9A5C91E}"
EndProject
Project("{FAE04EC0-301F-11D3-BF4B-00C04F79EFBC}") = "MyMood.TaskRunner", "MyMood.TaskRunner\MyMood.TaskRunner.csproj", "{4FD4756B-48E0-4AB9-8D40-DAA9CB711D7F}"
EndProject
Project("{FAE04EC0-301F-11D3-BF4B-00C04F79EFBC}") = "MyMood.Services", "MyMood.Services\MyMood.Services.csproj", "{A7A9E443-EC04-4D25-89C7-E5C86B68B272}"
EndProject
Global
	GlobalSection(SolutionConfigurationPlatforms) = preSolution
		Debug|Any CPU = Debug|Any CPU
		Debug|Mixed Platforms = Debug|Mixed Platforms
		Debug|x86 = Debug|x86
		Local-Server|Any CPU = Local-Server|Any CPU
		Local-Server|Mixed Platforms = Local-Server|Mixed Platforms
		Local-Server|x86 = Local-Server|x86
		Release|Any CPU = Release|Any CPU
		Release|Mixed Platforms = Release|Mixed Platforms
		Release|x86 = Release|x86
		Test-Server|Any CPU = Test-Server|Any CPU
		Test-Server|Mixed Platforms = Test-Server|Mixed Platforms
		Test-Server|x86 = Test-Server|x86
		Web-Server|Any CPU = Web-Server|Any CPU
		Web-Server|Mixed Platforms = Web-Server|Mixed Platforms
		Web-Server|x86 = Web-Server|x86
	EndGlobalSection
	GlobalSection(ProjectConfigurationPlatforms) = postSolution
		{56EF985F-4379-4605-9FBD-9F81CCB13DAA}.Debug|Any CPU.ActiveCfg = Debug|Any CPU
		{56EF985F-4379-4605-9FBD-9F81CCB13DAA}.Debug|Any CPU.Build.0 = Debug|Any CPU
		{56EF985F-4379-4605-9FBD-9F81CCB13DAA}.Debug|Mixed Platforms.ActiveCfg = Debug|Any CPU
		{56EF985F-4379-4605-9FBD-9F81CCB13DAA}.Debug|Mixed Platforms.Build.0 = Debug|Any CPU
		{56EF985F-4379-4605-9FBD-9F81CCB13DAA}.Debug|x86.ActiveCfg = Debug|Any CPU
		{56EF985F-4379-4605-9FBD-9F81CCB13DAA}.Local-Server|Any CPU.ActiveCfg = Release|Any CPU
		{56EF985F-4379-4605-9FBD-9F81CCB13DAA}.Local-Server|Any CPU.Build.0 = Release|Any CPU
		{56EF985F-4379-4605-9FBD-9F81CCB13DAA}.Local-Server|Mixed Platforms.ActiveCfg = Local-Server|Any CPU
		{56EF985F-4379-4605-9FBD-9F81CCB13DAA}.Local-Server|Mixed Platforms.Build.0 = Local-Server|Any CPU
		{56EF985F-4379-4605-9FBD-9F81CCB13DAA}.Local-Server|x86.ActiveCfg = Release|Any CPU
		{56EF985F-4379-4605-9FBD-9F81CCB13DAA}.Release|Any CPU.ActiveCfg = Release|Any CPU
		{56EF985F-4379-4605-9FBD-9F81CCB13DAA}.Release|Any CPU.Build.0 = Release|Any CPU
		{56EF985F-4379-4605-9FBD-9F81CCB13DAA}.Release|Mixed Platforms.ActiveCfg = Release|Any CPU
		{56EF985F-4379-4605-9FBD-9F81CCB13DAA}.Release|Mixed Platforms.Build.0 = Release|Any CPU
		{56EF985F-4379-4605-9FBD-9F81CCB13DAA}.Release|x86.ActiveCfg = Release|Any CPU
		{56EF985F-4379-4605-9FBD-9F81CCB13DAA}.Test-Server|Any CPU.ActiveCfg = Test-Server|Any CPU
		{56EF985F-4379-4605-9FBD-9F81CCB13DAA}.Test-Server|Any CPU.Build.0 = Test-Server|Any CPU
		{56EF985F-4379-4605-9FBD-9F81CCB13DAA}.Test-Server|Mixed Platforms.ActiveCfg = Test-Server|Any CPU
		{56EF985F-4379-4605-9FBD-9F81CCB13DAA}.Test-Server|Mixed Platforms.Build.0 = Test-Server|Any CPU
		{56EF985F-4379-4605-9FBD-9F81CCB13DAA}.Test-Server|x86.ActiveCfg = Test-Server|Any CPU
		{56EF985F-4379-4605-9FBD-9F81CCB13DAA}.Web-Server|Any CPU.ActiveCfg = Release|Any CPU
		{56EF985F-4379-4605-9FBD-9F81CCB13DAA}.Web-Server|Any CPU.Build.0 = Release|Any CPU
		{56EF985F-4379-4605-9FBD-9F81CCB13DAA}.Web-Server|Mixed Platforms.ActiveCfg = Web-Server|Any CPU
		{56EF985F-4379-4605-9FBD-9F81CCB13DAA}.Web-Server|Mixed Platforms.Build.0 = Web-Server|Any CPU
		{56EF985F-4379-4605-9FBD-9F81CCB13DAA}.Web-Server|x86.ActiveCfg = Release|Any CPU
		{2A123F98-B930-41B2-B87A-4199BD1A8C68}.Debug|Any CPU.ActiveCfg = Debug|Any CPU
		{2A123F98-B930-41B2-B87A-4199BD1A8C68}.Debug|Any CPU.Build.0 = Debug|Any CPU
		{2A123F98-B930-41B2-B87A-4199BD1A8C68}.Debug|Mixed Platforms.ActiveCfg = Debug|Any CPU
		{2A123F98-B930-41B2-B87A-4199BD1A8C68}.Debug|Mixed Platforms.Build.0 = Debug|Any CPU
		{2A123F98-B930-41B2-B87A-4199BD1A8C68}.Debug|x86.ActiveCfg = Debug|Any CPU
		{2A123F98-B930-41B2-B87A-4199BD1A8C68}.Local-Server|Any CPU.ActiveCfg = Release|Any CPU
		{2A123F98-B930-41B2-B87A-4199BD1A8C68}.Local-Server|Any CPU.Build.0 = Release|Any CPU
		{2A123F98-B930-41B2-B87A-4199BD1A8C68}.Local-Server|Mixed Platforms.ActiveCfg = Release|Any CPU
		{2A123F98-B930-41B2-B87A-4199BD1A8C68}.Local-Server|Mixed Platforms.Build.0 = Release|Any CPU
		{2A123F98-B930-41B2-B87A-4199BD1A8C68}.Local-Server|x86.ActiveCfg = Release|Any CPU
		{2A123F98-B930-41B2-B87A-4199BD1A8C68}.Release|Any CPU.ActiveCfg = Release|Any CPU
		{2A123F98-B930-41B2-B87A-4199BD1A8C68}.Release|Any CPU.Build.0 = Release|Any CPU
		{2A123F98-B930-41B2-B87A-4199BD1A8C68}.Release|Mixed Platforms.ActiveCfg = Release|Any CPU
		{2A123F98-B930-41B2-B87A-4199BD1A8C68}.Release|Mixed Platforms.Build.0 = Release|Any CPU
		{2A123F98-B930-41B2-B87A-4199BD1A8C68}.Release|x86.ActiveCfg = Release|Any CPU
		{2A123F98-B930-41B2-B87A-4199BD1A8C68}.Test-Server|Any CPU.ActiveCfg = Pete|Any CPU
		{2A123F98-B930-41B2-B87A-4199BD1A8C68}.Test-Server|Any CPU.Build.0 = Pete|Any CPU
		{2A123F98-B930-41B2-B87A-4199BD1A8C68}.Test-Server|Mixed Platforms.ActiveCfg = Release|Any CPU
		{2A123F98-B930-41B2-B87A-4199BD1A8C68}.Test-Server|Mixed Platforms.Build.0 = Release|Any CPU
		{2A123F98-B930-41B2-B87A-4199BD1A8C68}.Test-Server|x86.ActiveCfg = Pete|Any CPU
		{2A123F98-B930-41B2-B87A-4199BD1A8C68}.Web-Server|Any CPU.ActiveCfg = Release|Any CPU
		{2A123F98-B930-41B2-B87A-4199BD1A8C68}.Web-Server|Any CPU.Build.0 = Release|Any CPU
		{2A123F98-B930-41B2-B87A-4199BD1A8C68}.Web-Server|Mixed Platforms.ActiveCfg = Release|Any CPU
		{2A123F98-B930-41B2-B87A-4199BD1A8C68}.Web-Server|Mixed Platforms.Build.0 = Release|Any CPU
		{2A123F98-B930-41B2-B87A-4199BD1A8C68}.Web-Server|x86.ActiveCfg = Release|Any CPU
		{C5195E10-8FAC-4A7A-9510-941C009F919A}.Debug|Any CPU.ActiveCfg = Debug|Any CPU
		{C5195E10-8FAC-4A7A-9510-941C009F919A}.Debug|Any CPU.Build.0 = Debug|Any CPU
		{C5195E10-8FAC-4A7A-9510-941C009F919A}.Debug|Mixed Platforms.ActiveCfg = Debug|Any CPU
		{C5195E10-8FAC-4A7A-9510-941C009F919A}.Debug|Mixed Platforms.Build.0 = Debug|Any CPU
		{C5195E10-8FAC-4A7A-9510-941C009F919A}.Debug|x86.ActiveCfg = Debug|Any CPU
		{C5195E10-8FAC-4A7A-9510-941C009F919A}.Local-Server|Any CPU.ActiveCfg = Release|Any CPU
		{C5195E10-8FAC-4A7A-9510-941C009F919A}.Local-Server|Any CPU.Build.0 = Release|Any CPU
		{C5195E10-8FAC-4A7A-9510-941C009F919A}.Local-Server|Mixed Platforms.ActiveCfg = Release|Any CPU
		{C5195E10-8FAC-4A7A-9510-941C009F919A}.Local-Server|Mixed Platforms.Build.0 = Release|Any CPU
		{C5195E10-8FAC-4A7A-9510-941C009F919A}.Local-Server|x86.ActiveCfg = Release|Any CPU
		{C5195E10-8FAC-4A7A-9510-941C009F919A}.Release|Any CPU.ActiveCfg = Release|Any CPU
		{C5195E10-8FAC-4A7A-9510-941C009F919A}.Release|Any CPU.Build.0 = Release|Any CPU
		{C5195E10-8FAC-4A7A-9510-941C009F919A}.Release|Mixed Platforms.ActiveCfg = Release|Any CPU
		{C5195E10-8FAC-4A7A-9510-941C009F919A}.Release|Mixed Platforms.Build.0 = Release|Any CPU
		{C5195E10-8FAC-4A7A-9510-941C009F919A}.Release|x86.ActiveCfg = Release|Any CPU
		{C5195E10-8FAC-4A7A-9510-941C009F919A}.Test-Server|Any CPU.ActiveCfg = Pete|Any CPU
		{C5195E10-8FAC-4A7A-9510-941C009F919A}.Test-Server|Any CPU.Build.0 = Pete|Any CPU
		{C5195E10-8FAC-4A7A-9510-941C009F919A}.Test-Server|Mixed Platforms.ActiveCfg = Release|Any CPU
		{C5195E10-8FAC-4A7A-9510-941C009F919A}.Test-Server|Mixed Platforms.Build.0 = Release|Any CPU
		{C5195E10-8FAC-4A7A-9510-941C009F919A}.Test-Server|x86.ActiveCfg = Pete|Any CPU
		{C5195E10-8FAC-4A7A-9510-941C009F919A}.Web-Server|Any CPU.ActiveCfg = Release|Any CPU
		{C5195E10-8FAC-4A7A-9510-941C009F919A}.Web-Server|Any CPU.Build.0 = Release|Any CPU
		{C5195E10-8FAC-4A7A-9510-941C009F919A}.Web-Server|Mixed Platforms.ActiveCfg = Release|Any CPU
		{C5195E10-8FAC-4A7A-9510-941C009F919A}.Web-Server|Mixed Platforms.Build.0 = Release|Any CPU
		{C5195E10-8FAC-4A7A-9510-941C009F919A}.Web-Server|x86.ActiveCfg = Release|Any CPU
		{F6761043-ED1A-498B-B0D8-D8651E851EFB}.Debug|Any CPU.ActiveCfg = Debug|Any CPU
		{F6761043-ED1A-498B-B0D8-D8651E851EFB}.Debug|Any CPU.Build.0 = Debug|Any CPU
		{F6761043-ED1A-498B-B0D8-D8651E851EFB}.Debug|Mixed Platforms.ActiveCfg = Debug|Any CPU
		{F6761043-ED1A-498B-B0D8-D8651E851EFB}.Debug|Mixed Platforms.Build.0 = Debug|Any CPU
		{F6761043-ED1A-498B-B0D8-D8651E851EFB}.Debug|x86.ActiveCfg = Debug|Any CPU
		{F6761043-ED1A-498B-B0D8-D8651E851EFB}.Local-Server|Any CPU.ActiveCfg = Release|Any CPU
		{F6761043-ED1A-498B-B0D8-D8651E851EFB}.Local-Server|Any CPU.Build.0 = Release|Any CPU
		{F6761043-ED1A-498B-B0D8-D8651E851EFB}.Local-Server|Mixed Platforms.ActiveCfg = Release|Any CPU
		{F6761043-ED1A-498B-B0D8-D8651E851EFB}.Local-Server|Mixed Platforms.Build.0 = Release|Any CPU
		{F6761043-ED1A-498B-B0D8-D8651E851EFB}.Local-Server|x86.ActiveCfg = Release|Any CPU
		{F6761043-ED1A-498B-B0D8-D8651E851EFB}.Release|Any CPU.ActiveCfg = Release|Any CPU
		{F6761043-ED1A-498B-B0D8-D8651E851EFB}.Release|Any CPU.Build.0 = Release|Any CPU
		{F6761043-ED1A-498B-B0D8-D8651E851EFB}.Release|Mixed Platforms.ActiveCfg = Release|Any CPU
		{F6761043-ED1A-498B-B0D8-D8651E851EFB}.Release|Mixed Platforms.Build.0 = Release|Any CPU
		{F6761043-ED1A-498B-B0D8-D8651E851EFB}.Release|x86.ActiveCfg = Release|Any CPU
		{F6761043-ED1A-498B-B0D8-D8651E851EFB}.Test-Server|Any CPU.ActiveCfg = Release|Any CPU
		{F6761043-ED1A-498B-B0D8-D8651E851EFB}.Test-Server|Any CPU.Build.0 = Release|Any CPU
		{F6761043-ED1A-498B-B0D8-D8651E851EFB}.Test-Server|Mixed Platforms.ActiveCfg = Release|Any CPU
		{F6761043-ED1A-498B-B0D8-D8651E851EFB}.Test-Server|Mixed Platforms.Build.0 = Release|Any CPU
		{F6761043-ED1A-498B-B0D8-D8651E851EFB}.Test-Server|x86.ActiveCfg = Release|Any CPU
		{F6761043-ED1A-498B-B0D8-D8651E851EFB}.Web-Server|Any CPU.ActiveCfg = Release|Any CPU
		{F6761043-ED1A-498B-B0D8-D8651E851EFB}.Web-Server|Any CPU.Build.0 = Release|Any CPU
		{F6761043-ED1A-498B-B0D8-D8651E851EFB}.Web-Server|Mixed Platforms.ActiveCfg = Release|Any CPU
		{F6761043-ED1A-498B-B0D8-D8651E851EFB}.Web-Server|Mixed Platforms.Build.0 = Release|Any CPU
		{F6761043-ED1A-498B-B0D8-D8651E851EFB}.Web-Server|x86.ActiveCfg = Release|Any CPU
		{C7BEE303-AF3B-425C-8F08-4A2B1253E114}.Debug|Any CPU.ActiveCfg = Debug|Any CPU
		{C7BEE303-AF3B-425C-8F08-4A2B1253E114}.Debug|Any CPU.Build.0 = Debug|Any CPU
		{C7BEE303-AF3B-425C-8F08-4A2B1253E114}.Debug|Mixed Platforms.ActiveCfg = Debug|Any CPU
		{C7BEE303-AF3B-425C-8F08-4A2B1253E114}.Debug|Mixed Platforms.Build.0 = Debug|Any CPU
		{C7BEE303-AF3B-425C-8F08-4A2B1253E114}.Debug|x86.ActiveCfg = Debug|Any CPU
		{C7BEE303-AF3B-425C-8F08-4A2B1253E114}.Local-Server|Any CPU.ActiveCfg = Release|Any CPU
		{C7BEE303-AF3B-425C-8F08-4A2B1253E114}.Local-Server|Any CPU.Build.0 = Release|Any CPU
		{C7BEE303-AF3B-425C-8F08-4A2B1253E114}.Local-Server|Mixed Platforms.ActiveCfg = Release|Any CPU
		{C7BEE303-AF3B-425C-8F08-4A2B1253E114}.Local-Server|Mixed Platforms.Build.0 = Release|Any CPU
		{C7BEE303-AF3B-425C-8F08-4A2B1253E114}.Local-Server|x86.ActiveCfg = Release|Any CPU
		{C7BEE303-AF3B-425C-8F08-4A2B1253E114}.Release|Any CPU.ActiveCfg = Release|Any CPU
		{C7BEE303-AF3B-425C-8F08-4A2B1253E114}.Release|Any CPU.Build.0 = Release|Any CPU
		{C7BEE303-AF3B-425C-8F08-4A2B1253E114}.Release|Mixed Platforms.ActiveCfg = Release|Any CPU
		{C7BEE303-AF3B-425C-8F08-4A2B1253E114}.Release|Mixed Platforms.Build.0 = Release|Any CPU
		{C7BEE303-AF3B-425C-8F08-4A2B1253E114}.Release|x86.ActiveCfg = Release|Any CPU
		{C7BEE303-AF3B-425C-8F08-4A2B1253E114}.Test-Server|Any CPU.ActiveCfg = Release|Any CPU
		{C7BEE303-AF3B-425C-8F08-4A2B1253E114}.Test-Server|Any CPU.Build.0 = Release|Any CPU
		{C7BEE303-AF3B-425C-8F08-4A2B1253E114}.Test-Server|Mixed Platforms.ActiveCfg = Release|Any CPU
		{C7BEE303-AF3B-425C-8F08-4A2B1253E114}.Test-Server|Mixed Platforms.Build.0 = Release|Any CPU
		{C7BEE303-AF3B-425C-8F08-4A2B1253E114}.Test-Server|x86.ActiveCfg = Release|Any CPU
		{C7BEE303-AF3B-425C-8F08-4A2B1253E114}.Web-Server|Any CPU.ActiveCfg = Release|Any CPU
		{C7BEE303-AF3B-425C-8F08-4A2B1253E114}.Web-Server|Any CPU.Build.0 = Release|Any CPU
		{C7BEE303-AF3B-425C-8F08-4A2B1253E114}.Web-Server|Mixed Platforms.ActiveCfg = Release|Any CPU
		{C7BEE303-AF3B-425C-8F08-4A2B1253E114}.Web-Server|Mixed Platforms.Build.0 = Release|Any CPU
		{C7BEE303-AF3B-425C-8F08-4A2B1253E114}.Web-Server|x86.ActiveCfg = Release|Any CPU
		{AA52CEAE-6732-479B-8570-31F1E9AF52D3}.Debug|Any CPU.ActiveCfg = Debug|Any CPU
		{AA52CEAE-6732-479B-8570-31F1E9AF52D3}.Debug|Any CPU.Build.0 = Debug|Any CPU
		{AA52CEAE-6732-479B-8570-31F1E9AF52D3}.Debug|Mixed Platforms.ActiveCfg = Debug|Any CPU
		{AA52CEAE-6732-479B-8570-31F1E9AF52D3}.Debug|Mixed Platforms.Build.0 = Debug|Any CPU
		{AA52CEAE-6732-479B-8570-31F1E9AF52D3}.Debug|x86.ActiveCfg = Debug|Any CPU
		{AA52CEAE-6732-479B-8570-31F1E9AF52D3}.Local-Server|Any CPU.ActiveCfg = Release|Any CPU
		{AA52CEAE-6732-479B-8570-31F1E9AF52D3}.Local-Server|Any CPU.Build.0 = Release|Any CPU
		{AA52CEAE-6732-479B-8570-31F1E9AF52D3}.Local-Server|Mixed Platforms.ActiveCfg = Release|Any CPU
		{AA52CEAE-6732-479B-8570-31F1E9AF52D3}.Local-Server|Mixed Platforms.Build.0 = Release|Any CPU
		{AA52CEAE-6732-479B-8570-31F1E9AF52D3}.Local-Server|x86.ActiveCfg = Release|Any CPU
		{AA52CEAE-6732-479B-8570-31F1E9AF52D3}.Release|Any CPU.ActiveCfg = Release|Any CPU
		{AA52CEAE-6732-479B-8570-31F1E9AF52D3}.Release|Any CPU.Build.0 = Release|Any CPU
		{AA52CEAE-6732-479B-8570-31F1E9AF52D3}.Release|Mixed Platforms.ActiveCfg = Release|Any CPU
		{AA52CEAE-6732-479B-8570-31F1E9AF52D3}.Release|Mixed Platforms.Build.0 = Release|Any CPU
		{AA52CEAE-6732-479B-8570-31F1E9AF52D3}.Release|x86.ActiveCfg = Release|Any CPU
		{AA52CEAE-6732-479B-8570-31F1E9AF52D3}.Test-Server|Any CPU.ActiveCfg = Release|Any CPU
		{AA52CEAE-6732-479B-8570-31F1E9AF52D3}.Test-Server|Any CPU.Build.0 = Release|Any CPU
		{AA52CEAE-6732-479B-8570-31F1E9AF52D3}.Test-Server|Mixed Platforms.ActiveCfg = Release|Any CPU
		{AA52CEAE-6732-479B-8570-31F1E9AF52D3}.Test-Server|Mixed Platforms.Build.0 = Release|Any CPU
		{AA52CEAE-6732-479B-8570-31F1E9AF52D3}.Test-Server|x86.ActiveCfg = Release|Any CPU
		{AA52CEAE-6732-479B-8570-31F1E9AF52D3}.Web-Server|Any CPU.ActiveCfg = Release|Any CPU
		{AA52CEAE-6732-479B-8570-31F1E9AF52D3}.Web-Server|Any CPU.Build.0 = Release|Any CPU
		{AA52CEAE-6732-479B-8570-31F1E9AF52D3}.Web-Server|Mixed Platforms.ActiveCfg = Release|Any CPU
		{AA52CEAE-6732-479B-8570-31F1E9AF52D3}.Web-Server|Mixed Platforms.Build.0 = Release|Any CPU
		{AA52CEAE-6732-479B-8570-31F1E9AF52D3}.Web-Server|x86.ActiveCfg = Release|Any CPU
		{8367DB4E-E295-4B80-8E62-7C87BB82D77A}.Debug|Any CPU.ActiveCfg = Debug|x86
		{8367DB4E-E295-4B80-8E62-7C87BB82D77A}.Debug|Mixed Platforms.ActiveCfg = Debug|x86
		{8367DB4E-E295-4B80-8E62-7C87BB82D77A}.Debug|Mixed Platforms.Build.0 = Debug|x86
		{8367DB4E-E295-4B80-8E62-7C87BB82D77A}.Debug|x86.ActiveCfg = Debug|x86
		{8367DB4E-E295-4B80-8E62-7C87BB82D77A}.Debug|x86.Build.0 = Debug|x86
		{8367DB4E-E295-4B80-8E62-7C87BB82D77A}.Local-Server|Any CPU.ActiveCfg = Release|x86
		{8367DB4E-E295-4B80-8E62-7C87BB82D77A}.Local-Server|Mixed Platforms.ActiveCfg = Release|x86
		{8367DB4E-E295-4B80-8E62-7C87BB82D77A}.Local-Server|Mixed Platforms.Build.0 = Release|x86
		{8367DB4E-E295-4B80-8E62-7C87BB82D77A}.Local-Server|x86.ActiveCfg = Release|x86
		{8367DB4E-E295-4B80-8E62-7C87BB82D77A}.Local-Server|x86.Build.0 = Release|x86
		{8367DB4E-E295-4B80-8E62-7C87BB82D77A}.Release|Any CPU.ActiveCfg = Release|x86
		{8367DB4E-E295-4B80-8E62-7C87BB82D77A}.Release|Mixed Platforms.ActiveCfg = Release|x86
		{8367DB4E-E295-4B80-8E62-7C87BB82D77A}.Release|Mixed Platforms.Build.0 = Release|x86
		{8367DB4E-E295-4B80-8E62-7C87BB82D77A}.Release|x86.ActiveCfg = Release|x86
		{8367DB4E-E295-4B80-8E62-7C87BB82D77A}.Release|x86.Build.0 = Release|x86
		{8367DB4E-E295-4B80-8E62-7C87BB82D77A}.Test-Server|Any CPU.ActiveCfg = Pete|x86
		{8367DB4E-E295-4B80-8E62-7C87BB82D77A}.Test-Server|Mixed Platforms.ActiveCfg = Release|x86
		{8367DB4E-E295-4B80-8E62-7C87BB82D77A}.Test-Server|Mixed Platforms.Build.0 = Release|x86
		{8367DB4E-E295-4B80-8E62-7C87BB82D77A}.Test-Server|x86.ActiveCfg = Pete|x86
		{8367DB4E-E295-4B80-8E62-7C87BB82D77A}.Test-Server|x86.Build.0 = Pete|x86
		{8367DB4E-E295-4B80-8E62-7C87BB82D77A}.Web-Server|Any CPU.ActiveCfg = Release|x86
		{8367DB4E-E295-4B80-8E62-7C87BB82D77A}.Web-Server|Mixed Platforms.ActiveCfg = Release|x86
		{8367DB4E-E295-4B80-8E62-7C87BB82D77A}.Web-Server|Mixed Platforms.Build.0 = Release|x86
		{8367DB4E-E295-4B80-8E62-7C87BB82D77A}.Web-Server|x86.ActiveCfg = Release|x86
		{8367DB4E-E295-4B80-8E62-7C87BB82D77A}.Web-Server|x86.Build.0 = Release|x86
		{8CD5E485-5515-4DCF-99B9-C744E6F99CBB}.Debug|Any CPU.ActiveCfg = Debug|Any CPU
		{8CD5E485-5515-4DCF-99B9-C744E6F99CBB}.Debug|Any CPU.Build.0 = Debug|Any CPU
		{8CD5E485-5515-4DCF-99B9-C744E6F99CBB}.Debug|Mixed Platforms.ActiveCfg = Debug|Any CPU
		{8CD5E485-5515-4DCF-99B9-C744E6F99CBB}.Debug|Mixed Platforms.Build.0 = Debug|Any CPU
		{8CD5E485-5515-4DCF-99B9-C744E6F99CBB}.Debug|x86.ActiveCfg = Debug|Any CPU
		{8CD5E485-5515-4DCF-99B9-C744E6F99CBB}.Local-Server|Any CPU.ActiveCfg = Release|Any CPU
		{8CD5E485-5515-4DCF-99B9-C744E6F99CBB}.Local-Server|Any CPU.Build.0 = Release|Any CPU
		{8CD5E485-5515-4DCF-99B9-C744E6F99CBB}.Local-Server|Mixed Platforms.ActiveCfg = Release|Any CPU
		{8CD5E485-5515-4DCF-99B9-C744E6F99CBB}.Local-Server|Mixed Platforms.Build.0 = Release|Any CPU
		{8CD5E485-5515-4DCF-99B9-C744E6F99CBB}.Local-Server|x86.ActiveCfg = Release|Any CPU
		{8CD5E485-5515-4DCF-99B9-C744E6F99CBB}.Release|Any CPU.ActiveCfg = Release|Any CPU
		{8CD5E485-5515-4DCF-99B9-C744E6F99CBB}.Release|Any CPU.Build.0 = Release|Any CPU
		{8CD5E485-5515-4DCF-99B9-C744E6F99CBB}.Release|Mixed Platforms.ActiveCfg = Release|Any CPU
		{8CD5E485-5515-4DCF-99B9-C744E6F99CBB}.Release|Mixed Platforms.Build.0 = Release|Any CPU
		{8CD5E485-5515-4DCF-99B9-C744E6F99CBB}.Release|x86.ActiveCfg = Release|Any CPU
		{8CD5E485-5515-4DCF-99B9-C744E6F99CBB}.Test-Server|Any CPU.ActiveCfg = Release|Any CPU
		{8CD5E485-5515-4DCF-99B9-C744E6F99CBB}.Test-Server|Any CPU.Build.0 = Release|Any CPU
		{8CD5E485-5515-4DCF-99B9-C744E6F99CBB}.Test-Server|Mixed Platforms.ActiveCfg = Release|Any CPU
		{8CD5E485-5515-4DCF-99B9-C744E6F99CBB}.Test-Server|Mixed Platforms.Build.0 = Release|Any CPU
		{8CD5E485-5515-4DCF-99B9-C744E6F99CBB}.Test-Server|x86.ActiveCfg = Release|Any CPU
		{8CD5E485-5515-4DCF-99B9-C744E6F99CBB}.Web-Server|Any CPU.ActiveCfg = Release|Any CPU
		{8CD5E485-5515-4DCF-99B9-C744E6F99CBB}.Web-Server|Any CPU.Build.0 = Release|Any CPU
		{8CD5E485-5515-4DCF-99B9-C744E6F99CBB}.Web-Server|Mixed Platforms.ActiveCfg = Release|Any CPU
		{8CD5E485-5515-4DCF-99B9-C744E6F99CBB}.Web-Server|Mixed Platforms.Build.0 = Release|Any CPU
		{8CD5E485-5515-4DCF-99B9-C744E6F99CBB}.Web-Server|x86.ActiveCfg = Release|Any CPU
		{A2EFC393-45EC-43F9-BDFF-B04F1FD7D242}.Debug|Any CPU.ActiveCfg = Debug|x86
		{A2EFC393-45EC-43F9-BDFF-B04F1FD7D242}.Debug|Mixed Platforms.ActiveCfg = Debug|x86
		{A2EFC393-45EC-43F9-BDFF-B04F1FD7D242}.Debug|Mixed Platforms.Build.0 = Debug|x86
		{A2EFC393-45EC-43F9-BDFF-B04F1FD7D242}.Debug|x86.ActiveCfg = Debug|x86
		{A2EFC393-45EC-43F9-BDFF-B04F1FD7D242}.Debug|x86.Build.0 = Debug|x86
		{A2EFC393-45EC-43F9-BDFF-B04F1FD7D242}.Local-Server|Any CPU.ActiveCfg = Release|x86
		{A2EFC393-45EC-43F9-BDFF-B04F1FD7D242}.Local-Server|Mixed Platforms.ActiveCfg = Release|x86
		{A2EFC393-45EC-43F9-BDFF-B04F1FD7D242}.Local-Server|Mixed Platforms.Build.0 = Release|x86
		{A2EFC393-45EC-43F9-BDFF-B04F1FD7D242}.Local-Server|x86.ActiveCfg = Release|x86
		{A2EFC393-45EC-43F9-BDFF-B04F1FD7D242}.Local-Server|x86.Build.0 = Release|x86
		{A2EFC393-45EC-43F9-BDFF-B04F1FD7D242}.Release|Any CPU.ActiveCfg = Release|x86
		{A2EFC393-45EC-43F9-BDFF-B04F1FD7D242}.Release|Mixed Platforms.ActiveCfg = Release|x86
		{A2EFC393-45EC-43F9-BDFF-B04F1FD7D242}.Release|Mixed Platforms.Build.0 = Release|x86
		{A2EFC393-45EC-43F9-BDFF-B04F1FD7D242}.Release|x86.ActiveCfg = Release|x86
		{A2EFC393-45EC-43F9-BDFF-B04F1FD7D242}.Release|x86.Build.0 = Release|x86
		{A2EFC393-45EC-43F9-BDFF-B04F1FD7D242}.Test-Server|Any CPU.ActiveCfg = Pete|x86
		{A2EFC393-45EC-43F9-BDFF-B04F1FD7D242}.Test-Server|Mixed Platforms.ActiveCfg = Release|x86
		{A2EFC393-45EC-43F9-BDFF-B04F1FD7D242}.Test-Server|Mixed Platforms.Build.0 = Release|x86
		{A2EFC393-45EC-43F9-BDFF-B04F1FD7D242}.Test-Server|x86.ActiveCfg = Pete|x86
		{A2EFC393-45EC-43F9-BDFF-B04F1FD7D242}.Test-Server|x86.Build.0 = Pete|x86
		{A2EFC393-45EC-43F9-BDFF-B04F1FD7D242}.Web-Server|Any CPU.ActiveCfg = Release|x86
		{A2EFC393-45EC-43F9-BDFF-B04F1FD7D242}.Web-Server|Mixed Platforms.ActiveCfg = Release|x86
		{A2EFC393-45EC-43F9-BDFF-B04F1FD7D242}.Web-Server|Mixed Platforms.Build.0 = Release|x86
		{A2EFC393-45EC-43F9-BDFF-B04F1FD7D242}.Web-Server|x86.ActiveCfg = Release|x86
		{A2EFC393-45EC-43F9-BDFF-B04F1FD7D242}.Web-Server|x86.Build.0 = Release|x86
		{09414728-3728-4105-A149-EC2E315355F9}.Debug|Any CPU.ActiveCfg = Debug|Any CPU
		{09414728-3728-4105-A149-EC2E315355F9}.Debug|Any CPU.Build.0 = Debug|Any CPU
		{09414728-3728-4105-A149-EC2E315355F9}.Debug|Mixed Platforms.ActiveCfg = Debug|Any CPU
		{09414728-3728-4105-A149-EC2E315355F9}.Debug|Mixed Platforms.Build.0 = Debug|Any CPU
		{09414728-3728-4105-A149-EC2E315355F9}.Debug|x86.ActiveCfg = Debug|Any CPU
		{09414728-3728-4105-A149-EC2E315355F9}.Local-Server|Any CPU.ActiveCfg = Release|Any CPU
		{09414728-3728-4105-A149-EC2E315355F9}.Local-Server|Any CPU.Build.0 = Release|Any CPU
		{09414728-3728-4105-A149-EC2E315355F9}.Local-Server|Mixed Platforms.ActiveCfg = Release|Any CPU
		{09414728-3728-4105-A149-EC2E315355F9}.Local-Server|Mixed Platforms.Build.0 = Release|Any CPU
		{09414728-3728-4105-A149-EC2E315355F9}.Local-Server|x86.ActiveCfg = Release|Any CPU
		{09414728-3728-4105-A149-EC2E315355F9}.Release|Any CPU.ActiveCfg = Release|Any CPU
		{09414728-3728-4105-A149-EC2E315355F9}.Release|Any CPU.Build.0 = Release|Any CPU
		{09414728-3728-4105-A149-EC2E315355F9}.Release|Mixed Platforms.ActiveCfg = Release|Any CPU
		{09414728-3728-4105-A149-EC2E315355F9}.Release|Mixed Platforms.Build.0 = Release|Any CPU
		{09414728-3728-4105-A149-EC2E315355F9}.Release|x86.ActiveCfg = Release|Any CPU
		{09414728-3728-4105-A149-EC2E315355F9}.Test-Server|Any CPU.ActiveCfg = Release|Any CPU
		{09414728-3728-4105-A149-EC2E315355F9}.Test-Server|Any CPU.Build.0 = Release|Any CPU
		{09414728-3728-4105-A149-EC2E315355F9}.Test-Server|Mixed Platforms.ActiveCfg = Release|Any CPU
		{09414728-3728-4105-A149-EC2E315355F9}.Test-Server|Mixed Platforms.Build.0 = Release|Any CPU
		{09414728-3728-4105-A149-EC2E315355F9}.Test-Server|x86.ActiveCfg = Release|Any CPU
		{09414728-3728-4105-A149-EC2E315355F9}.Web-Server|Any CPU.ActiveCfg = Release|Any CPU
		{09414728-3728-4105-A149-EC2E315355F9}.Web-Server|Any CPU.Build.0 = Release|Any CPU
		{09414728-3728-4105-A149-EC2E315355F9}.Web-Server|Mixed Platforms.ActiveCfg = Release|Any CPU
		{09414728-3728-4105-A149-EC2E315355F9}.Web-Server|Mixed Platforms.Build.0 = Release|Any CPU
		{09414728-3728-4105-A149-EC2E315355F9}.Web-Server|x86.ActiveCfg = Release|Any CPU
		{83C67156-893D-4AFF-9169-DB34771989CB}.Debug|Any CPU.ActiveCfg = Debug|Any CPU
		{83C67156-893D-4AFF-9169-DB34771989CB}.Debug|Any CPU.Build.0 = Debug|Any CPU
		{83C67156-893D-4AFF-9169-DB34771989CB}.Debug|Mixed Platforms.ActiveCfg = Debug|Any CPU
		{83C67156-893D-4AFF-9169-DB34771989CB}.Debug|Mixed Platforms.Build.0 = Debug|Any CPU
		{83C67156-893D-4AFF-9169-DB34771989CB}.Debug|x86.ActiveCfg = Debug|Any CPU
		{83C67156-893D-4AFF-9169-DB34771989CB}.Local-Server|Any CPU.ActiveCfg = Release|Any CPU
		{83C67156-893D-4AFF-9169-DB34771989CB}.Local-Server|Any CPU.Build.0 = Release|Any CPU
		{83C67156-893D-4AFF-9169-DB34771989CB}.Local-Server|Mixed Platforms.ActiveCfg = Release|Any CPU
		{83C67156-893D-4AFF-9169-DB34771989CB}.Local-Server|Mixed Platforms.Build.0 = Release|Any CPU
		{83C67156-893D-4AFF-9169-DB34771989CB}.Local-Server|x86.ActiveCfg = Release|Any CPU
		{83C67156-893D-4AFF-9169-DB34771989CB}.Release|Any CPU.ActiveCfg = Release|Any CPU
		{83C67156-893D-4AFF-9169-DB34771989CB}.Release|Any CPU.Build.0 = Release|Any CPU
		{83C67156-893D-4AFF-9169-DB34771989CB}.Release|Mixed Platforms.ActiveCfg = Release|Any CPU
		{83C67156-893D-4AFF-9169-DB34771989CB}.Release|Mixed Platforms.Build.0 = Release|Any CPU
		{83C67156-893D-4AFF-9169-DB34771989CB}.Release|x86.ActiveCfg = Release|Any CPU
		{83C67156-893D-4AFF-9169-DB34771989CB}.Test-Server|Any CPU.ActiveCfg = Release|Any CPU
		{83C67156-893D-4AFF-9169-DB34771989CB}.Test-Server|Any CPU.Build.0 = Release|Any CPU
		{83C67156-893D-4AFF-9169-DB34771989CB}.Test-Server|Mixed Platforms.ActiveCfg = Release|Any CPU
		{83C67156-893D-4AFF-9169-DB34771989CB}.Test-Server|Mixed Platforms.Build.0 = Release|Any CPU
		{83C67156-893D-4AFF-9169-DB34771989CB}.Test-Server|x86.ActiveCfg = Release|Any CPU
		{83C67156-893D-4AFF-9169-DB34771989CB}.Web-Server|Any CPU.ActiveCfg = Release|Any CPU
		{83C67156-893D-4AFF-9169-DB34771989CB}.Web-Server|Any CPU.Build.0 = Release|Any CPU
		{83C67156-893D-4AFF-9169-DB34771989CB}.Web-Server|Mixed Platforms.ActiveCfg = Release|Any CPU
		{83C67156-893D-4AFF-9169-DB34771989CB}.Web-Server|Mixed Platforms.Build.0 = Release|Any CPU
		{83C67156-893D-4AFF-9169-DB34771989CB}.Web-Server|x86.ActiveCfg = Release|Any CPU
		{836F225F-6CD9-48DE-910C-70F8A7CF54AA}.Debug|Any CPU.ActiveCfg = Debug|Any CPU
		{836F225F-6CD9-48DE-910C-70F8A7CF54AA}.Debug|Any CPU.Build.0 = Debug|Any CPU
		{836F225F-6CD9-48DE-910C-70F8A7CF54AA}.Debug|Mixed Platforms.ActiveCfg = Debug|Any CPU
		{836F225F-6CD9-48DE-910C-70F8A7CF54AA}.Debug|Mixed Platforms.Build.0 = Debug|Any CPU
		{836F225F-6CD9-48DE-910C-70F8A7CF54AA}.Debug|x86.ActiveCfg = Debug|Any CPU
		{836F225F-6CD9-48DE-910C-70F8A7CF54AA}.Local-Server|Any CPU.ActiveCfg = Release|Any CPU
		{836F225F-6CD9-48DE-910C-70F8A7CF54AA}.Local-Server|Any CPU.Build.0 = Release|Any CPU
		{836F225F-6CD9-48DE-910C-70F8A7CF54AA}.Local-Server|Mixed Platforms.ActiveCfg = Release|Any CPU
		{836F225F-6CD9-48DE-910C-70F8A7CF54AA}.Local-Server|Mixed Platforms.Build.0 = Release|Any CPU
		{836F225F-6CD9-48DE-910C-70F8A7CF54AA}.Local-Server|x86.ActiveCfg = Release|Any CPU
		{836F225F-6CD9-48DE-910C-70F8A7CF54AA}.Release|Any CPU.ActiveCfg = Release|Any CPU
		{836F225F-6CD9-48DE-910C-70F8A7CF54AA}.Release|Any CPU.Build.0 = Release|Any CPU
		{836F225F-6CD9-48DE-910C-70F8A7CF54AA}.Release|Mixed Platforms.ActiveCfg = Release|Any CPU
		{836F225F-6CD9-48DE-910C-70F8A7CF54AA}.Release|Mixed Platforms.Build.0 = Release|Any CPU
		{836F225F-6CD9-48DE-910C-70F8A7CF54AA}.Release|x86.ActiveCfg = Release|Any CPU
		{836F225F-6CD9-48DE-910C-70F8A7CF54AA}.Test-Server|Any CPU.ActiveCfg = Release|Any CPU
		{836F225F-6CD9-48DE-910C-70F8A7CF54AA}.Test-Server|Any CPU.Build.0 = Release|Any CPU
		{836F225F-6CD9-48DE-910C-70F8A7CF54AA}.Test-Server|Mixed Platforms.ActiveCfg = Release|Any CPU
		{836F225F-6CD9-48DE-910C-70F8A7CF54AA}.Test-Server|Mixed Platforms.Build.0 = Release|Any CPU
		{836F225F-6CD9-48DE-910C-70F8A7CF54AA}.Test-Server|x86.ActiveCfg = Release|Any CPU
		{836F225F-6CD9-48DE-910C-70F8A7CF54AA}.Web-Server|Any CPU.ActiveCfg = Release|Any CPU
		{836F225F-6CD9-48DE-910C-70F8A7CF54AA}.Web-Server|Any CPU.Build.0 = Release|Any CPU
		{836F225F-6CD9-48DE-910C-70F8A7CF54AA}.Web-Server|Mixed Platforms.ActiveCfg = Release|Any CPU
		{836F225F-6CD9-48DE-910C-70F8A7CF54AA}.Web-Server|Mixed Platforms.Build.0 = Release|Any CPU
		{836F225F-6CD9-48DE-910C-70F8A7CF54AA}.Web-Server|x86.ActiveCfg = Release|Any CPU
		{1B9A3A8B-3690-4435-BF9C-B557BF2713DB}.Debug|Any CPU.ActiveCfg = Debug|x86
		{1B9A3A8B-3690-4435-BF9C-B557BF2713DB}.Debug|Mixed Platforms.ActiveCfg = Debug|x86
		{1B9A3A8B-3690-4435-BF9C-B557BF2713DB}.Debug|Mixed Platforms.Build.0 = Debug|x86
		{1B9A3A8B-3690-4435-BF9C-B557BF2713DB}.Debug|x86.ActiveCfg = Debug|x86
		{1B9A3A8B-3690-4435-BF9C-B557BF2713DB}.Debug|x86.Build.0 = Debug|x86
		{1B9A3A8B-3690-4435-BF9C-B557BF2713DB}.Local-Server|Any CPU.ActiveCfg = Release|x86
		{1B9A3A8B-3690-4435-BF9C-B557BF2713DB}.Local-Server|Mixed Platforms.ActiveCfg = Release|x86
		{1B9A3A8B-3690-4435-BF9C-B557BF2713DB}.Local-Server|Mixed Platforms.Build.0 = Release|x86
		{1B9A3A8B-3690-4435-BF9C-B557BF2713DB}.Local-Server|x86.ActiveCfg = Release|x86
		{1B9A3A8B-3690-4435-BF9C-B557BF2713DB}.Local-Server|x86.Build.0 = Release|x86
		{1B9A3A8B-3690-4435-BF9C-B557BF2713DB}.Release|Any CPU.ActiveCfg = Release|x86
		{1B9A3A8B-3690-4435-BF9C-B557BF2713DB}.Release|Mixed Platforms.ActiveCfg = Release|x86
		{1B9A3A8B-3690-4435-BF9C-B557BF2713DB}.Release|Mixed Platforms.Build.0 = Release|x86
		{1B9A3A8B-3690-4435-BF9C-B557BF2713DB}.Release|x86.ActiveCfg = Release|x86
		{1B9A3A8B-3690-4435-BF9C-B557BF2713DB}.Release|x86.Build.0 = Release|x86
		{1B9A3A8B-3690-4435-BF9C-B557BF2713DB}.Test-Server|Any CPU.ActiveCfg = Release|x86
		{1B9A3A8B-3690-4435-BF9C-B557BF2713DB}.Test-Server|Mixed Platforms.ActiveCfg = Release|x86
		{1B9A3A8B-3690-4435-BF9C-B557BF2713DB}.Test-Server|Mixed Platforms.Build.0 = Release|x86
		{1B9A3A8B-3690-4435-BF9C-B557BF2713DB}.Test-Server|x86.ActiveCfg = Release|x86
		{1B9A3A8B-3690-4435-BF9C-B557BF2713DB}.Test-Server|x86.Build.0 = Release|x86
		{1B9A3A8B-3690-4435-BF9C-B557BF2713DB}.Web-Server|Any CPU.ActiveCfg = Release|x86
		{1B9A3A8B-3690-4435-BF9C-B557BF2713DB}.Web-Server|Mixed Platforms.ActiveCfg = Release|x86
		{1B9A3A8B-3690-4435-BF9C-B557BF2713DB}.Web-Server|Mixed Platforms.Build.0 = Release|x86
		{1B9A3A8B-3690-4435-BF9C-B557BF2713DB}.Web-Server|x86.ActiveCfg = Release|x86
		{1B9A3A8B-3690-4435-BF9C-B557BF2713DB}.Web-Server|x86.Build.0 = Release|x86
		{0EC3A31E-B869-4465-ABDC-90C2E3CCC17D}.Debug|Any CPU.ActiveCfg = Debug|Any CPU
		{0EC3A31E-B869-4465-ABDC-90C2E3CCC17D}.Debug|Any CPU.Build.0 = Debug|Any CPU
		{0EC3A31E-B869-4465-ABDC-90C2E3CCC17D}.Debug|Mixed Platforms.ActiveCfg = Debug|Any CPU
		{0EC3A31E-B869-4465-ABDC-90C2E3CCC17D}.Debug|Mixed Platforms.Build.0 = Debug|Any CPU
		{0EC3A31E-B869-4465-ABDC-90C2E3CCC17D}.Debug|x86.ActiveCfg = Debug|Any CPU
		{0EC3A31E-B869-4465-ABDC-90C2E3CCC17D}.Local-Server|Any CPU.ActiveCfg = Release|Any CPU
		{0EC3A31E-B869-4465-ABDC-90C2E3CCC17D}.Local-Server|Any CPU.Build.0 = Release|Any CPU
		{0EC3A31E-B869-4465-ABDC-90C2E3CCC17D}.Local-Server|Mixed Platforms.ActiveCfg = Release|Any CPU
		{0EC3A31E-B869-4465-ABDC-90C2E3CCC17D}.Local-Server|Mixed Platforms.Build.0 = Release|Any CPU
		{0EC3A31E-B869-4465-ABDC-90C2E3CCC17D}.Local-Server|x86.ActiveCfg = Release|Any CPU
		{0EC3A31E-B869-4465-ABDC-90C2E3CCC17D}.Release|Any CPU.ActiveCfg = Release|Any CPU
		{0EC3A31E-B869-4465-ABDC-90C2E3CCC17D}.Release|Any CPU.Build.0 = Release|Any CPU
		{0EC3A31E-B869-4465-ABDC-90C2E3CCC17D}.Release|Mixed Platforms.ActiveCfg = Release|Any CPU
		{0EC3A31E-B869-4465-ABDC-90C2E3CCC17D}.Release|Mixed Platforms.Build.0 = Release|Any CPU
		{0EC3A31E-B869-4465-ABDC-90C2E3CCC17D}.Release|x86.ActiveCfg = Release|Any CPU
		{0EC3A31E-B869-4465-ABDC-90C2E3CCC17D}.Test-Server|Any CPU.ActiveCfg = Release|Any CPU
		{0EC3A31E-B869-4465-ABDC-90C2E3CCC17D}.Test-Server|Any CPU.Build.0 = Release|Any CPU
		{0EC3A31E-B869-4465-ABDC-90C2E3CCC17D}.Test-Server|Mixed Platforms.ActiveCfg = Release|Any CPU
		{0EC3A31E-B869-4465-ABDC-90C2E3CCC17D}.Test-Server|Mixed Platforms.Build.0 = Release|Any CPU
		{0EC3A31E-B869-4465-ABDC-90C2E3CCC17D}.Test-Server|x86.ActiveCfg = Release|Any CPU
		{0EC3A31E-B869-4465-ABDC-90C2E3CCC17D}.Web-Server|Any CPU.ActiveCfg = Release|Any CPU
		{0EC3A31E-B869-4465-ABDC-90C2E3CCC17D}.Web-Server|Any CPU.Build.0 = Release|Any CPU
		{0EC3A31E-B869-4465-ABDC-90C2E3CCC17D}.Web-Server|Mixed Platforms.ActiveCfg = Release|Any CPU
		{0EC3A31E-B869-4465-ABDC-90C2E3CCC17D}.Web-Server|Mixed Platforms.Build.0 = Release|Any CPU
		{0EC3A31E-B869-4465-ABDC-90C2E3CCC17D}.Web-Server|x86.ActiveCfg = Release|Any CPU
		{4609C4F9-357A-4CB6-A5FA-9D5F14E9D7D5}.Debug|Any CPU.ActiveCfg = Debug|x86
		{4609C4F9-357A-4CB6-A5FA-9D5F14E9D7D5}.Debug|Mixed Platforms.ActiveCfg = Debug|x86
		{4609C4F9-357A-4CB6-A5FA-9D5F14E9D7D5}.Debug|Mixed Platforms.Build.0 = Debug|x86
		{4609C4F9-357A-4CB6-A5FA-9D5F14E9D7D5}.Debug|x86.ActiveCfg = Debug|x86
		{4609C4F9-357A-4CB6-A5FA-9D5F14E9D7D5}.Debug|x86.Build.0 = Debug|x86
		{4609C4F9-357A-4CB6-A5FA-9D5F14E9D7D5}.Local-Server|Any CPU.ActiveCfg = Release|x86
		{4609C4F9-357A-4CB6-A5FA-9D5F14E9D7D5}.Local-Server|Mixed Platforms.ActiveCfg = Release|x86
		{4609C4F9-357A-4CB6-A5FA-9D5F14E9D7D5}.Local-Server|Mixed Platforms.Build.0 = Release|x86
		{4609C4F9-357A-4CB6-A5FA-9D5F14E9D7D5}.Local-Server|x86.ActiveCfg = Release|x86
		{4609C4F9-357A-4CB6-A5FA-9D5F14E9D7D5}.Local-Server|x86.Build.0 = Release|x86
		{4609C4F9-357A-4CB6-A5FA-9D5F14E9D7D5}.Release|Any CPU.ActiveCfg = Release|x86
		{4609C4F9-357A-4CB6-A5FA-9D5F14E9D7D5}.Release|Mixed Platforms.ActiveCfg = Release|x86
		{4609C4F9-357A-4CB6-A5FA-9D5F14E9D7D5}.Release|Mixed Platforms.Build.0 = Release|x86
		{4609C4F9-357A-4CB6-A5FA-9D5F14E9D7D5}.Release|x86.ActiveCfg = Release|x86
		{4609C4F9-357A-4CB6-A5FA-9D5F14E9D7D5}.Release|x86.Build.0 = Release|x86
		{4609C4F9-357A-4CB6-A5FA-9D5F14E9D7D5}.Test-Server|Any CPU.ActiveCfg = Release|x86
		{4609C4F9-357A-4CB6-A5FA-9D5F14E9D7D5}.Test-Server|Mixed Platforms.ActiveCfg = Release|x86
		{4609C4F9-357A-4CB6-A5FA-9D5F14E9D7D5}.Test-Server|Mixed Platforms.Build.0 = Release|x86
		{4609C4F9-357A-4CB6-A5FA-9D5F14E9D7D5}.Test-Server|x86.ActiveCfg = Release|x86
		{4609C4F9-357A-4CB6-A5FA-9D5F14E9D7D5}.Test-Server|x86.Build.0 = Release|x86
		{4609C4F9-357A-4CB6-A5FA-9D5F14E9D7D5}.Web-Server|Any CPU.ActiveCfg = Release|x86
		{4609C4F9-357A-4CB6-A5FA-9D5F14E9D7D5}.Web-Server|Mixed Platforms.ActiveCfg = Release|x86
		{4609C4F9-357A-4CB6-A5FA-9D5F14E9D7D5}.Web-Server|Mixed Platforms.Build.0 = Release|x86
		{4609C4F9-357A-4CB6-A5FA-9D5F14E9D7D5}.Web-Server|x86.ActiveCfg = Release|x86
		{4609C4F9-357A-4CB6-A5FA-9D5F14E9D7D5}.Web-Server|x86.Build.0 = Release|x86
		{9947F510-BA9A-4045-A648-BAB687D8F513}.Debug|Any CPU.ActiveCfg = Debug|Any CPU
		{9947F510-BA9A-4045-A648-BAB687D8F513}.Debug|Any CPU.Build.0 = Debug|Any CPU
		{9947F510-BA9A-4045-A648-BAB687D8F513}.Debug|Mixed Platforms.ActiveCfg = Debug|Any CPU
		{9947F510-BA9A-4045-A648-BAB687D8F513}.Debug|Mixed Platforms.Build.0 = Debug|Any CPU
		{9947F510-BA9A-4045-A648-BAB687D8F513}.Debug|x86.ActiveCfg = Debug|Any CPU
		{9947F510-BA9A-4045-A648-BAB687D8F513}.Local-Server|Any CPU.ActiveCfg = Release|Any CPU
		{9947F510-BA9A-4045-A648-BAB687D8F513}.Local-Server|Any CPU.Build.0 = Release|Any CPU
		{9947F510-BA9A-4045-A648-BAB687D8F513}.Local-Server|Mixed Platforms.ActiveCfg = Release|Any CPU
		{9947F510-BA9A-4045-A648-BAB687D8F513}.Local-Server|Mixed Platforms.Build.0 = Release|Any CPU
		{9947F510-BA9A-4045-A648-BAB687D8F513}.Local-Server|x86.ActiveCfg = Release|Any CPU
		{9947F510-BA9A-4045-A648-BAB687D8F513}.Release|Any CPU.ActiveCfg = Release|Any CPU
		{9947F510-BA9A-4045-A648-BAB687D8F513}.Release|Any CPU.Build.0 = Release|Any CPU
		{9947F510-BA9A-4045-A648-BAB687D8F513}.Release|Mixed Platforms.ActiveCfg = Release|Any CPU
		{9947F510-BA9A-4045-A648-BAB687D8F513}.Release|Mixed Platforms.Build.0 = Release|Any CPU
		{9947F510-BA9A-4045-A648-BAB687D8F513}.Release|x86.ActiveCfg = Release|Any CPU
		{9947F510-BA9A-4045-A648-BAB687D8F513}.Test-Server|Any CPU.ActiveCfg = Release|Any CPU
		{9947F510-BA9A-4045-A648-BAB687D8F513}.Test-Server|Any CPU.Build.0 = Release|Any CPU
		{9947F510-BA9A-4045-A648-BAB687D8F513}.Test-Server|Mixed Platforms.ActiveCfg = Release|Any CPU
		{9947F510-BA9A-4045-A648-BAB687D8F513}.Test-Server|Mixed Platforms.Build.0 = Release|Any CPU
		{9947F510-BA9A-4045-A648-BAB687D8F513}.Test-Server|x86.ActiveCfg = Release|Any CPU
		{9947F510-BA9A-4045-A648-BAB687D8F513}.Web-Server|Any CPU.ActiveCfg = Release|Any CPU
		{9947F510-BA9A-4045-A648-BAB687D8F513}.Web-Server|Any CPU.Build.0 = Release|Any CPU
		{9947F510-BA9A-4045-A648-BAB687D8F513}.Web-Server|Mixed Platforms.ActiveCfg = Release|Any CPU
		{9947F510-BA9A-4045-A648-BAB687D8F513}.Web-Server|Mixed Platforms.Build.0 = Release|Any CPU
		{9947F510-BA9A-4045-A648-BAB687D8F513}.Web-Server|x86.ActiveCfg = Release|Any CPU
		{71E27C37-FBBF-481B-934B-1F7DBDE3C5D6}.Debug|Any CPU.ActiveCfg = Debug|Any CPU
		{71E27C37-FBBF-481B-934B-1F7DBDE3C5D6}.Debug|Any CPU.Build.0 = Debug|Any CPU
		{71E27C37-FBBF-481B-934B-1F7DBDE3C5D6}.Debug|Mixed Platforms.ActiveCfg = Debug|Any CPU
		{71E27C37-FBBF-481B-934B-1F7DBDE3C5D6}.Debug|Mixed Platforms.Build.0 = Debug|Any CPU
		{71E27C37-FBBF-481B-934B-1F7DBDE3C5D6}.Debug|x86.ActiveCfg = Debug|Any CPU
		{71E27C37-FBBF-481B-934B-1F7DBDE3C5D6}.Local-Server|Any CPU.ActiveCfg = Release|Any CPU
		{71E27C37-FBBF-481B-934B-1F7DBDE3C5D6}.Local-Server|Any CPU.Build.0 = Release|Any CPU
		{71E27C37-FBBF-481B-934B-1F7DBDE3C5D6}.Local-Server|Mixed Platforms.ActiveCfg = Release|Any CPU
		{71E27C37-FBBF-481B-934B-1F7DBDE3C5D6}.Local-Server|Mixed Platforms.Build.0 = Release|Any CPU
		{71E27C37-FBBF-481B-934B-1F7DBDE3C5D6}.Local-Server|x86.ActiveCfg = Release|Any CPU
		{71E27C37-FBBF-481B-934B-1F7DBDE3C5D6}.Release|Any CPU.ActiveCfg = Release|Any CPU
		{71E27C37-FBBF-481B-934B-1F7DBDE3C5D6}.Release|Any CPU.Build.0 = Release|Any CPU
		{71E27C37-FBBF-481B-934B-1F7DBDE3C5D6}.Release|Mixed Platforms.ActiveCfg = Release|Any CPU
		{71E27C37-FBBF-481B-934B-1F7DBDE3C5D6}.Release|Mixed Platforms.Build.0 = Release|Any CPU
		{71E27C37-FBBF-481B-934B-1F7DBDE3C5D6}.Release|x86.ActiveCfg = Release|Any CPU
		{71E27C37-FBBF-481B-934B-1F7DBDE3C5D6}.Test-Server|Any CPU.ActiveCfg = Release|Any CPU
		{71E27C37-FBBF-481B-934B-1F7DBDE3C5D6}.Test-Server|Any CPU.Build.0 = Release|Any CPU
		{71E27C37-FBBF-481B-934B-1F7DBDE3C5D6}.Test-Server|Mixed Platforms.ActiveCfg = Release|Any CPU
		{71E27C37-FBBF-481B-934B-1F7DBDE3C5D6}.Test-Server|Mixed Platforms.Build.0 = Release|Any CPU
		{71E27C37-FBBF-481B-934B-1F7DBDE3C5D6}.Test-Server|x86.ActiveCfg = Release|Any CPU
		{71E27C37-FBBF-481B-934B-1F7DBDE3C5D6}.Web-Server|Any CPU.ActiveCfg = Release|Any CPU
		{71E27C37-FBBF-481B-934B-1F7DBDE3C5D6}.Web-Server|Any CPU.Build.0 = Release|Any CPU
		{71E27C37-FBBF-481B-934B-1F7DBDE3C5D6}.Web-Server|Mixed Platforms.ActiveCfg = Release|Any CPU
		{71E27C37-FBBF-481B-934B-1F7DBDE3C5D6}.Web-Server|Mixed Platforms.Build.0 = Release|Any CPU
		{71E27C37-FBBF-481B-934B-1F7DBDE3C5D6}.Web-Server|x86.ActiveCfg = Release|Any CPU
		{5250980B-BD11-4201-B083-AEDB8C62C471}.Debug|Any CPU.ActiveCfg = Debug|Any CPU
		{5250980B-BD11-4201-B083-AEDB8C62C471}.Debug|Any CPU.Build.0 = Debug|Any CPU
		{5250980B-BD11-4201-B083-AEDB8C62C471}.Debug|Mixed Platforms.ActiveCfg = Debug|Any CPU
		{5250980B-BD11-4201-B083-AEDB8C62C471}.Debug|Mixed Platforms.Build.0 = Debug|Any CPU
		{5250980B-BD11-4201-B083-AEDB8C62C471}.Debug|x86.ActiveCfg = Debug|Any CPU
		{5250980B-BD11-4201-B083-AEDB8C62C471}.Local-Server|Any CPU.ActiveCfg = Release|Any CPU
		{5250980B-BD11-4201-B083-AEDB8C62C471}.Local-Server|Any CPU.Build.0 = Release|Any CPU
		{5250980B-BD11-4201-B083-AEDB8C62C471}.Local-Server|Mixed Platforms.ActiveCfg = Release|Any CPU
		{5250980B-BD11-4201-B083-AEDB8C62C471}.Local-Server|Mixed Platforms.Build.0 = Release|Any CPU
		{5250980B-BD11-4201-B083-AEDB8C62C471}.Local-Server|x86.ActiveCfg = Release|Any CPU
		{5250980B-BD11-4201-B083-AEDB8C62C471}.Release|Any CPU.ActiveCfg = Release|Any CPU
		{5250980B-BD11-4201-B083-AEDB8C62C471}.Release|Any CPU.Build.0 = Release|Any CPU
		{5250980B-BD11-4201-B083-AEDB8C62C471}.Release|Mixed Platforms.ActiveCfg = Release|Any CPU
		{5250980B-BD11-4201-B083-AEDB8C62C471}.Release|Mixed Platforms.Build.0 = Release|Any CPU
		{5250980B-BD11-4201-B083-AEDB8C62C471}.Release|x86.ActiveCfg = Release|Any CPU
		{5250980B-BD11-4201-B083-AEDB8C62C471}.Test-Server|Any CPU.ActiveCfg = Release|Any CPU
		{5250980B-BD11-4201-B083-AEDB8C62C471}.Test-Server|Any CPU.Build.0 = Release|Any CPU
		{5250980B-BD11-4201-B083-AEDB8C62C471}.Test-Server|Mixed Platforms.ActiveCfg = Release|Any CPU
		{5250980B-BD11-4201-B083-AEDB8C62C471}.Test-Server|Mixed Platforms.Build.0 = Release|Any CPU
		{5250980B-BD11-4201-B083-AEDB8C62C471}.Test-Server|x86.ActiveCfg = Release|Any CPU
		{5250980B-BD11-4201-B083-AEDB8C62C471}.Web-Server|Any CPU.ActiveCfg = Release|Any CPU
		{5250980B-BD11-4201-B083-AEDB8C62C471}.Web-Server|Any CPU.Build.0 = Release|Any CPU
		{5250980B-BD11-4201-B083-AEDB8C62C471}.Web-Server|Mixed Platforms.ActiveCfg = Release|Any CPU
		{5250980B-BD11-4201-B083-AEDB8C62C471}.Web-Server|Mixed Platforms.Build.0 = Release|Any CPU
		{5250980B-BD11-4201-B083-AEDB8C62C471}.Web-Server|x86.ActiveCfg = Release|Any CPU
		{66E369F9-3026-4588-AF84-792FA9A5C91E}.Debug|Any CPU.ActiveCfg = Debug|x86
		{66E369F9-3026-4588-AF84-792FA9A5C91E}.Debug|Mixed Platforms.ActiveCfg = Debug|x86
		{66E369F9-3026-4588-AF84-792FA9A5C91E}.Debug|Mixed Platforms.Build.0 = Debug|x86
		{66E369F9-3026-4588-AF84-792FA9A5C91E}.Debug|x86.ActiveCfg = Debug|x86
		{66E369F9-3026-4588-AF84-792FA9A5C91E}.Debug|x86.Build.0 = Debug|x86
		{66E369F9-3026-4588-AF84-792FA9A5C91E}.Local-Server|Any CPU.ActiveCfg = Release|x86
		{66E369F9-3026-4588-AF84-792FA9A5C91E}.Local-Server|Mixed Platforms.ActiveCfg = Release|x86
		{66E369F9-3026-4588-AF84-792FA9A5C91E}.Local-Server|Mixed Platforms.Build.0 = Release|x86
		{66E369F9-3026-4588-AF84-792FA9A5C91E}.Local-Server|x86.ActiveCfg = Release|x86
		{66E369F9-3026-4588-AF84-792FA9A5C91E}.Local-Server|x86.Build.0 = Release|x86
		{66E369F9-3026-4588-AF84-792FA9A5C91E}.Release|Any CPU.ActiveCfg = Release|x86
		{66E369F9-3026-4588-AF84-792FA9A5C91E}.Release|Mixed Platforms.ActiveCfg = Release|x86
		{66E369F9-3026-4588-AF84-792FA9A5C91E}.Release|Mixed Platforms.Build.0 = Release|x86
		{66E369F9-3026-4588-AF84-792FA9A5C91E}.Release|x86.ActiveCfg = Release|x86
		{66E369F9-3026-4588-AF84-792FA9A5C91E}.Release|x86.Build.0 = Release|x86
		{66E369F9-3026-4588-AF84-792FA9A5C91E}.Test-Server|Any CPU.ActiveCfg = Release|x86
		{66E369F9-3026-4588-AF84-792FA9A5C91E}.Test-Server|Mixed Platforms.ActiveCfg = Release|x86
		{66E369F9-3026-4588-AF84-792FA9A5C91E}.Test-Server|Mixed Platforms.Build.0 = Release|x86
		{66E369F9-3026-4588-AF84-792FA9A5C91E}.Test-Server|x86.ActiveCfg = Release|x86
		{66E369F9-3026-4588-AF84-792FA9A5C91E}.Test-Server|x86.Build.0 = Release|x86
		{66E369F9-3026-4588-AF84-792FA9A5C91E}.Web-Server|Any CPU.ActiveCfg = Release|x86
		{66E369F9-3026-4588-AF84-792FA9A5C91E}.Web-Server|Mixed Platforms.ActiveCfg = Release|x86
		{66E369F9-3026-4588-AF84-792FA9A5C91E}.Web-Server|Mixed Platforms.Build.0 = Release|x86
		{66E369F9-3026-4588-AF84-792FA9A5C91E}.Web-Server|x86.ActiveCfg = Release|x86
		{66E369F9-3026-4588-AF84-792FA9A5C91E}.Web-Server|x86.Build.0 = Release|x86
		{4FD4756B-48E0-4AB9-8D40-DAA9CB711D7F}.Debug|Any CPU.ActiveCfg = Debug|x86
		{4FD4756B-48E0-4AB9-8D40-DAA9CB711D7F}.Debug|Mixed Platforms.ActiveCfg = Debug|x86
		{4FD4756B-48E0-4AB9-8D40-DAA9CB711D7F}.Debug|Mixed Platforms.Build.0 = Debug|x86
		{4FD4756B-48E0-4AB9-8D40-DAA9CB711D7F}.Debug|x86.ActiveCfg = Debug|x86
		{4FD4756B-48E0-4AB9-8D40-DAA9CB711D7F}.Debug|x86.Build.0 = Debug|x86
		{4FD4756B-48E0-4AB9-8D40-DAA9CB711D7F}.Local-Server|Any CPU.ActiveCfg = Release|x86
		{4FD4756B-48E0-4AB9-8D40-DAA9CB711D7F}.Local-Server|Mixed Platforms.ActiveCfg = Release|x86
		{4FD4756B-48E0-4AB9-8D40-DAA9CB711D7F}.Local-Server|Mixed Platforms.Build.0 = Release|x86
		{4FD4756B-48E0-4AB9-8D40-DAA9CB711D7F}.Local-Server|x86.ActiveCfg = Release|x86
		{4FD4756B-48E0-4AB9-8D40-DAA9CB711D7F}.Local-Server|x86.Build.0 = Release|x86
		{4FD4756B-48E0-4AB9-8D40-DAA9CB711D7F}.Release|Any CPU.ActiveCfg = Release|x86
		{4FD4756B-48E0-4AB9-8D40-DAA9CB711D7F}.Release|Mixed Platforms.ActiveCfg = Release|x86
		{4FD4756B-48E0-4AB9-8D40-DAA9CB711D7F}.Release|Mixed Platforms.Build.0 = Release|x86
		{4FD4756B-48E0-4AB9-8D40-DAA9CB711D7F}.Release|x86.ActiveCfg = Release|x86
		{4FD4756B-48E0-4AB9-8D40-DAA9CB711D7F}.Release|x86.Build.0 = Release|x86
		{4FD4756B-48E0-4AB9-8D40-DAA9CB711D7F}.Test-Server|Any CPU.ActiveCfg = Release|x86
		{4FD4756B-48E0-4AB9-8D40-DAA9CB711D7F}.Test-Server|Mixed Platforms.ActiveCfg = Release|x86
		{4FD4756B-48E0-4AB9-8D40-DAA9CB711D7F}.Test-Server|Mixed Platforms.Build.0 = Release|x86
		{4FD4756B-48E0-4AB9-8D40-DAA9CB711D7F}.Test-Server|x86.ActiveCfg = Release|x86
		{4FD4756B-48E0-4AB9-8D40-DAA9CB711D7F}.Test-Server|x86.Build.0 = Release|x86
		{4FD4756B-48E0-4AB9-8D40-DAA9CB711D7F}.Web-Server|Any CPU.ActiveCfg = Release|x86
		{4FD4756B-48E0-4AB9-8D40-DAA9CB711D7F}.Web-Server|Mixed Platforms.ActiveCfg = Release|x86
		{4FD4756B-48E0-4AB9-8D40-DAA9CB711D7F}.Web-Server|Mixed Platforms.Build.0 = Release|x86
		{4FD4756B-48E0-4AB9-8D40-DAA9CB711D7F}.Web-Server|x86.ActiveCfg = Release|x86
		{4FD4756B-48E0-4AB9-8D40-DAA9CB711D7F}.Web-Server|x86.Build.0 = Release|x86
		{A7A9E443-EC04-4D25-89C7-E5C86B68B272}.Debug|Any CPU.ActiveCfg = Debug|Any CPU
		{A7A9E443-EC04-4D25-89C7-E5C86B68B272}.Debug|Any CPU.Build.0 = Debug|Any CPU
		{A7A9E443-EC04-4D25-89C7-E5C86B68B272}.Debug|Mixed Platforms.ActiveCfg = Debug|Any CPU
		{A7A9E443-EC04-4D25-89C7-E5C86B68B272}.Debug|Mixed Platforms.Build.0 = Debug|Any CPU
		{A7A9E443-EC04-4D25-89C7-E5C86B68B272}.Debug|x86.ActiveCfg = Debug|Any CPU
		{A7A9E443-EC04-4D25-89C7-E5C86B68B272}.Local-Server|Any CPU.ActiveCfg = Release|Any CPU
		{A7A9E443-EC04-4D25-89C7-E5C86B68B272}.Local-Server|Any CPU.Build.0 = Release|Any CPU
		{A7A9E443-EC04-4D25-89C7-E5C86B68B272}.Local-Server|Mixed Platforms.ActiveCfg = Release|Any CPU
		{A7A9E443-EC04-4D25-89C7-E5C86B68B272}.Local-Server|Mixed Platforms.Build.0 = Release|Any CPU
		{A7A9E443-EC04-4D25-89C7-E5C86B68B272}.Local-Server|x86.ActiveCfg = Release|Any CPU
		{A7A9E443-EC04-4D25-89C7-E5C86B68B272}.Release|Any CPU.ActiveCfg = Release|Any CPU
		{A7A9E443-EC04-4D25-89C7-E5C86B68B272}.Release|Any CPU.Build.0 = Release|Any CPU
		{A7A9E443-EC04-4D25-89C7-E5C86B68B272}.Release|Mixed Platforms.ActiveCfg = Release|Any CPU
		{A7A9E443-EC04-4D25-89C7-E5C86B68B272}.Release|Mixed Platforms.Build.0 = Release|Any CPU
		{A7A9E443-EC04-4D25-89C7-E5C86B68B272}.Release|x86.ActiveCfg = Release|Any CPU
		{A7A9E443-EC04-4D25-89C7-E5C86B68B272}.Test-Server|Any CPU.ActiveCfg = Release|Any CPU
		{A7A9E443-EC04-4D25-89C7-E5C86B68B272}.Test-Server|Any CPU.Build.0 = Release|Any CPU
		{A7A9E443-EC04-4D25-89C7-E5C86B68B272}.Test-Server|Mixed Platforms.ActiveCfg = Release|Any CPU
		{A7A9E443-EC04-4D25-89C7-E5C86B68B272}.Test-Server|Mixed Platforms.Build.0 = Release|Any CPU
		{A7A9E443-EC04-4D25-89C7-E5C86B68B272}.Test-Server|x86.ActiveCfg = Release|Any CPU
		{A7A9E443-EC04-4D25-89C7-E5C86B68B272}.Web-Server|Any CPU.ActiveCfg = Release|Any CPU
		{A7A9E443-EC04-4D25-89C7-E5C86B68B272}.Web-Server|Any CPU.Build.0 = Release|Any CPU
		{A7A9E443-EC04-4D25-89C7-E5C86B68B272}.Web-Server|Mixed Platforms.ActiveCfg = Release|Any CPU
		{A7A9E443-EC04-4D25-89C7-E5C86B68B272}.Web-Server|Mixed Platforms.Build.0 = Release|Any CPU
		{A7A9E443-EC04-4D25-89C7-E5C86B68B272}.Web-Server|x86.ActiveCfg = Release|Any CPU
	EndGlobalSection
	GlobalSection(SolutionProperties) = preSolution
		HideSolutionNode = FALSE
	EndGlobalSection
	GlobalSection(NestedProjects) = preSolution
		{F6761043-ED1A-498B-B0D8-D8651E851EFB} = {DB3D6E53-FAF7-4B69-BAA7-AFC05043E574}
		{C7BEE303-AF3B-425C-8F08-4A2B1253E114} = {DB3D6E53-FAF7-4B69-BAA7-AFC05043E574}
		{AA52CEAE-6732-479B-8570-31F1E9AF52D3} = {DB3D6E53-FAF7-4B69-BAA7-AFC05043E574}
		{8CD5E485-5515-4DCF-99B9-C744E6F99CBB} = {DB3D6E53-FAF7-4B69-BAA7-AFC05043E574}
		{09414728-3728-4105-A149-EC2E315355F9} = {2B2EEF47-FE0F-41E8-9961-543137E7AAE3}
		{83C67156-893D-4AFF-9169-DB34771989CB} = {2B2EEF47-FE0F-41E8-9961-543137E7AAE3}
		{836F225F-6CD9-48DE-910C-70F8A7CF54AA} = {2B2EEF47-FE0F-41E8-9961-543137E7AAE3}
		{1B9A3A8B-3690-4435-BF9C-B557BF2713DB} = {2B2EEF47-FE0F-41E8-9961-543137E7AAE3}
		{0EC3A31E-B869-4465-ABDC-90C2E3CCC17D} = {2B2EEF47-FE0F-41E8-9961-543137E7AAE3}
		{9947F510-BA9A-4045-A648-BAB687D8F513} = {2B2EEF47-FE0F-41E8-9961-543137E7AAE3}
		{71E27C37-FBBF-481B-934B-1F7DBDE3C5D6} = {2B2EEF47-FE0F-41E8-9961-543137E7AAE3}
		{5250980B-BD11-4201-B083-AEDB8C62C471} = {2B2EEF47-FE0F-41E8-9961-543137E7AAE3}
	EndGlobalSection
EndGlobal
